
Microsoft Visual Studio Solution File, Format Version 12.00
# Visual Studio 15
VisualStudioVersion = 15.0.28307.421
MinimumVisualStudioVersion = 10.0.40219.1
Project("{FAE04EC0-301F-11D3-BF4B-00C04F79EFBC}") = "HelloApp", "HelloApp\HelloApp.csproj", "{438EC2A3-6CCC-46CC-B1DE-EAE213B693A1}"
EndProject
Global
	GlobalSection(SolutionConfigurationPlatforms) = preSolution
		Debug|Any CPU = Debug|Any CPU
		Release|Any CPU = Release|Any CPU
	EndGlobalSection
	GlobalSection(ProjectConfigurationPlatforms) = postSolution
		{438EC2A3-6CCC-46CC-B1DE-EAE213B693A1}.Debug|Any CPU.ActiveCfg = Debug|Any CPU
		{438EC2A3-6CCC-46CC-B1DE-EAE213B693A1}.Debug|Any CPU.Build.0 = Debug|Any CPU
		{438EC2A3-6CCC-46CC-B1DE-EAE213B693A1}.Release|Any CPU.ActiveCfg = Release|Any CPU
		{438EC2A3-6CCC-46CC-B1DE-EAE213B693A1}.Release|Any CPU.Build.0 = Release|Any CPU
	EndGlobalSection
	GlobalSection(SolutionProperties) = preSolution
		HideSolutionNode = FALSE
	EndGlobalSection
	GlobalSection(ExtensibilityGlobals) = postSolution
		SolutionGuid = {F97E8D8C-C7B6-4936-AB8A-138AD716E72D}
	EndGlobalSection
EndGlobal
